github.com/go-sql-driver/mysql v1.4.1 h1:g24URVg0OFbNUTx9qqY1IRZ9D9z3iPyi5zKhQZpNwpA=
github.com/go-sql-driver/mysql v1.4.1/go.mod h1:zAC/RDZ24gD3HViQzih4MyKcchzm+sOG5ZlKdlhCg5w=
github.com/mgenware/go-packagex v3.0.1+incompatible h1:X5vmeGYdheEM17caZ9Tod7xL8lGVETQBYfHQxTVHQ28=
github.com/mgenware/go-packagex v3.0.1+incompatible/go.mod h1:hSlF75Q3llp8oXmzTL8/HJISyclWJa55poyHKfPddbk=
